
Microsoft Visual Studio Solution File, Format Version 12.00
# Visual Studio Version 17
VisualStudioVersion = 17.5.33326.253
MinimumVisualStudioVersion = 10.0.40219.1
Project("{FAE04EC0-301F-11D3-BF4B-00C04F79EFBC}") = "C#_IndexOverload", "C#_IndexOverload.csproj", "{0FFED95C-51C4-40D4-AF2D-8F914FD352EA}"
EndProject
Global
	GlobalSection(SolutionConfigurationPlatforms) = preSolution
		Debug|Any CPU = Debug|Any CPU
		Release|Any CPU = Release|Any CPU
	EndGlobalSection
	GlobalSection(ProjectConfigurationPlatforms) = postSolution
		{0FFED95C-51C4-40D4-AF2D-8F914FD352EA}.Debug|Any CPU.ActiveCfg = Debug|Any CPU
		{0FFED95C-51C4-40D4-AF2D-8F914FD352EA}.Debug|Any CPU.Build.0 = Debug|Any CPU
		{0FFED95C-51C4-40D4-AF2D-8F914FD352EA}.Release|Any CPU.ActiveCfg = Release|Any CPU
		{0FFED95C-51C4-40D4-AF2D-8F914FD352EA}.Release|Any CPU.Build.0 = Release|Any CPU
	EndGlobalSection
	GlobalSection(SolutionProperties) = preSolution
		HideSolutionNode = FALSE
	EndGlobalSection
	GlobalSection(ExtensibilityGlobals) = postSolution
		SolutionGuid = {AA1F047B-2561-4FCA-A7AD-FFE50BB8F14F}
	EndGlobalSection
EndGlobal
